<?xml version="1.0" encoding="utf-8"?>
<Project ToolsVersion="4.0" xmlns="http://schemas.microsoft.com/developer/msbuild/2003">
  <ItemGroup>
    <ClCompile Include="AnimationClass.cpp" />
    <ClCompile Include="AnimationFrame.cpp" />
    <ClCompile Include="AudioManager.cpp" />
    <ClCompile Include="Character\Character.cpp" />
    <ClCompile Include="Character\Vampire.cpp" />
    <ClCompile Include="DebugLogManager.cpp" />
    <ClCompile Include="GraphicsManager.cpp" />
    <ClCompile Include="NosferatuHotelManager.cpp" />
    <ClCompile Include="ScreensManager.cpp" />
    <ClCompile Include="stdafx.cpp" />
    <ClCompile Include="tinyxml2.cpp" />
    <ClCompile Include="Utilities.cpp" />
    <ClCompile Include="Activity.cpp" />
    <ClCompile Include="ActivityManager.cpp" />
    <ClCompile Include="ActivityRequest.cpp" />
    <ClCompile Include="DecisionMaker.cpp" />
    <ClCompile Include="GUIManager.cpp" />
    <ClCompile Include="TextStruct.cpp" />
    <ClCompile Include="Button.cpp" />
    <ClCompile Include="ButtonActions.cpp" />
    <ClCompile Include="Character\NPC.cpp" />
    <ClCompile Include="CharacterManager.cpp" />
    <ClCompile Include="EDITOR.cpp" />
    <ClCompile Include="ButtonRadio.cpp" />
    <ClCompile Include="ButtonTextField.cpp" />
    <ClCompile Include="UserInputManager.cpp" />
  </ItemGroup>
  <ItemGroup>
    <ClInclude Include="AnimationClass.h" />
    <ClInclude Include="AnimationFrame.h" />
    <ClInclude Include="AudioManager.h" />
    <ClInclude Include="Character\Character.h" />
    <ClInclude Include="Character\Vampire.h" />
    <ClInclude Include="DebugLogManager.h" />
    <ClInclude Include="GraphicsManager.h" />
    <ClInclude Include="ScreensManager.h" />
    <ClInclude Include="stdafx.h" />
    <ClInclude Include="targetver.h" />
    <ClInclude Include="tinyxml2.h" />
    <ClInclude Include="Utilities.h" />
    <ClInclude Include="Activity.h" />
    <ClInclude Include="ActivityManager.h" />
    <ClInclude Include="ActivityRequest.h" />
    <ClInclude Include="DecisionMaker.h" />
    <ClInclude Include="GUIManager.h" />
    <ClInclude Include="TextStruct.h" />
    <ClInclude Include="Button.h" />
    <ClInclude Include="ButtonActions.h" />
    <ClInclude Include="Character\NPC.h" />
    <ClInclude Include="CharacterManager.h" />
    <ClInclude Include="MapTile.h" />
    <ClInclude Include="MapManager.h" />
    <ClInclude Include="MapGenerator.h" />
    <ClInclude Include="MapLoader.h" />
    <ClInclude Include="EDITOR.h" />
    <ClInclude Include="ButtonRadio.h" />
    <ClInclude Include="ButtonTextField.h" />
    <ClInclude Include="UserInputManager.h" />
  </ItemGroup>
  <ItemGroup>
    <Text Include="ReadMe.txt" />
  </ItemGroup>
  <ItemGroup>
    <Xml Include="Resources\Animations\testAnim.vAnim" />
    <Xml Include="Resources\Animations\VampLoadingAnim.vAnim" />
  </ItemGroup>
  <ItemGroup>
    <Image Include="Resources\Textures\HotelEntrance.png" />
    <Image Include="Resources\Textures\ShittyButton.png" />
    <Image Include="Resources\Textures\TestTexture.png" />
    <Image Include="Resources\Textures\VampLoadingAnim.png" />
    <Image Include="Resources\Textures\TickButtons.png" />
    <Image Include="Resources\Textures\Panel.png" />
    <Image Include="Resources\Textures\TextFieldButtons.png" />
    <Image Include="Resources\Textures\SlidersButtons.png" />
    <Image Include="Resources\Textures\BlankTile16x16.png" />
    <Image Include="Resources\Textures\roguelikeSheet_transparent.png" />
    <Image Include="Resources\Textures\ShittyTiles.png" />
    <Image Include="Resources\Textures\RegularButtons.png" />
  </ItemGroup>
  <ItemGroup>
    <None Include="Resources\Animations\testButtonDefaultAnim.vAnim" />
    <None Include="Resources\Animations\testButtonMouseClickedAnim.vAnim" />
    <None Include="Resources\Animations\testButtonMouseOverAnim.vAnim" />
    <None Include="Resources\Animations\editor-tickNo.vAnim" />
    <None Include="Resources\Animations\editor-tickYes.vAnim" />
    <None Include="Resources\Animations\editor-tickNoHover.vAnim" />
    <None Include="Resources\Animations\editor-tickYesHover.vAnim" />
    <None Include="Resources\Animations\editor-sidePanel.vAnim" />
    <None Include="Resources\Animations\editor-textFieldDefault.vAnim" />
    <None Include="Resources\Animations\editor-textFieldMouseOver.vAnim" />
    <None Include="Resources\Animations\editor-textFieldClicked.vAnim" />
    <None Include="Resources\Animations\editor-DownDefaultButton.vAnim" />
    <None Include="Resources\Animations\editor-downMouseOverButton.vAnim" />
    <None Include="Resources\Animations\editor-downMouseClickButton.vAnim" />
    <None Include="Resources\Animations\editor-downMouseDefaultButton.vAnim" />
    <None Include="Resources\Animations\editor-upMouseDefaultButton.vAnim" />
    <None Include="Resources\Animations\editor-upMouseClickButton.vAnim" />
    <None Include="Resources\Animations\editor-upMouseOverButton.vAnim" />
    <None Include="Resources\Animations\tile-blankTile.vAnim" />
    <None Include="Resources\Animations\tile-grassPatch2.vAnim" />
    <None Include="Resources\Animations\tile-grassPatch1.vAnim" />
    <None Include="Resources\Animations\tile-dirtPatch1.vAnim" />
    <None Include="Resources\Sounds\rollover2.ogg" />
    <None Include="Resources\Animations\editor-regularDefault.vAnim" />
    <None Include="Resources\Animations\editor-regularMouseClick.vAnim" />
    <None Include="Resources\Animations\editor-regularMouseOver.vAnim" />
  </ItemGroup>
</Project>