<?xml version="1.0" encoding="utf-8"?>
<Project ToolsVersion="4.0" xmlns="http://schemas.microsoft.com/developer/msbuild/2003">
  <ItemGroup>
    <ClCompile Include="AnimationClass.cpp" />
    <ClCompile Include="AnimationFrame.cpp" />
    <ClCompile Include="AudioManager.cpp" />
    <ClCompile Include="Character\Character.cpp" />
    <ClCompile Include="Character\Vampire.cpp" />
    <ClCompile Include="DebugLogManager.cpp" />
    <ClCompile Include="GraphicsManager.cpp" />
    <ClCompile Include="NosferatuHotelManager.cpp" />
    <ClCompile Include="ScreensManager.cpp" />
    <ClCompile Include="stdafx.cpp" />
    <ClCompile Include="tinyxml2.cpp" />
    <ClCompile Include="Utilities.cpp" />
    <ClCompile Include="GUIManager.cpp" />
    <ClCompile Include="TextStruct.cpp" />
    <ClCompile Include="Button.cpp" />
  </ItemGroup>
  <ItemGroup>
    <ClInclude Include="AnimationClass.h" />
    <ClInclude Include="AnimationFrame.h" />
    <ClInclude Include="AudioManager.h" />
    <ClInclude Include="Character\Character.h" />
    <ClInclude Include="Character\Vampire.h" />
    <ClInclude Include="DebugLogManager.h" />
    <ClInclude Include="GraphicsManager.h" />
    <ClInclude Include="ScreensManager.h" />
    <ClInclude Include="stdafx.h" />
    <ClInclude Include="targetver.h" />
    <ClInclude Include="tinyxml2.h" />
    <ClInclude Include="Utilities.h" />
    <ClInclude Include="GUIManager.h" />
    <ClInclude Include="TextStruct.h" />
    <ClInclude Include="Button.h" />
  </ItemGroup>
  <ItemGroup>
    <Text Include="ReadMe.txt" />
  </ItemGroup>
  <ItemGroup>
    <Xml Include="Resources\Animations\testAnim.vAnim" />
    <Xml Include="Resources\Animations\VampLoadingAnim.vAnim" />
  </ItemGroup>
  <ItemGroup>
    <Image Include="Resources\Textures\HotelEntrance.png" />
    <Image Include="Resources\Textures\TestTexture.png" />
    <Image Include="Resources\Textures\VampLoadingAnim.png" />
    <Image Include="Resources\Textures\ShittyButton.png" />
  </ItemGroup>
  <ItemGroup>
    <None Include="Resources\Animations\testButtonDefaultAnim.vAnim" />
    <None Include="Resources\Animations\testButtonMouseOverAnim.vAnim" />
    <None Include="Resources\Animations\testButtonMouseClickedAnim.vAnim" />
  </ItemGroup>
</Project>