<?xml version="1.0" encoding="utf-8"?>
<Project ToolsVersion="4.0" xmlns="http://schemas.microsoft.com/developer/msbuild/2003">
  <ItemGroup>
    <ClCompile Include="AnimationClass.cpp" />
    <ClCompile Include="AnimationFrame.cpp" />
    <ClCompile Include="AudioManager.cpp" />
    <ClCompile Include="Character\Character.cpp" />
    <ClCompile Include="Character\Vampire.cpp" />
    <ClCompile Include="DebugLogManager.cpp" />
    <ClCompile Include="GraphicsManager.cpp" />
    <ClCompile Include="NosferatuHotelManager.cpp" />
    <ClCompile Include="ScreensManager.cpp" />
    <ClCompile Include="stdafx.cpp" />
    <ClCompile Include="tinyxml2.cpp" />
    <ClCompile Include="Utilities.cpp" />
    <ClCompile Include="GUIManager.cpp" />
    <ClCompile Include="TextStruct.cpp" />
    <ClCompile Include="Button.cpp" />
    <ClCompile Include="ButtonActions.cpp" />
  </ItemGroup>
  <ItemGroup>
    <ClInclude Include="AnimationClass.h" />
    <ClInclude Include="AnimationFrame.h" />
    <ClInclude Include="AudioManager.h" />
    <ClInclude Include="Character\Character.h" />
    <ClInclude Include="Character\Vampire.h" />
    <ClInclude Include="DebugLogManager.h" />
    <ClInclude Include="GraphicsManager.h" />
    <ClInclude Include="ScreensManager.h" />
    <ClInclude Include="stdafx.h" />
    <ClInclude Include="targetver.h" />
    <ClInclude Include="tinyxml2.h" />
    <ClInclude Include="Utilities.h" />
    <ClInclude Include="GUIManager.h" />
    <ClInclude Include="TextStruct.h" />
    <ClInclude Include="Button.h" />
    <ClInclude Include="ButtonActions.h" />
  </ItemGroup>
  <ItemGroup>
    <Text Include="ReadMe.txt" />
  </ItemGroup>
  <ItemGroup>
    <ClInclude Include="stdafx.h">
      <Filter>Header Files</Filter>
    </ClInclude>
    <ClInclude Include="targetver.h">
      <Filter>Header Files</Filter>
    </ClInclude>
    <ClInclude Include="GraphicsManager.h">
      <Filter>Header Files</Filter>
    </ClInclude>
    <ClInclude Include="DebugLogManager.h">
      <Filter>Header Files</Filter>
    </ClInclude>
    <ClInclude Include="tinyxml2.h">
      <Filter>Header Files</Filter>
    </ClInclude>
    <ClInclude Include="AnimationClass.h">
      <Filter>Header Files</Filter>
    </ClInclude>
    <ClInclude Include="AnimationFrame.h">
      <Filter>Header Files</Filter>
    </ClInclude>
    <ClInclude Include="AudioManager.h">
      <Filter>Header Files</Filter>
    </ClInclude>
    <ClInclude Include="Character\Character.h">
      <Filter>Header Files</Filter>
    </ClInclude>
    <ClInclude Include="Character\Vampire.h">
      <Filter>Header Files</Filter>
    </ClInclude>
    <ClInclude Include="Character\NPC.h">
      <Filter>Header Files</Filter>
    </ClInclude>
    <ClInclude Include="Utilities.h">
      <Filter>Header Files</Filter>
    </ClInclude>
    <ClInclude Include="Character\Character.h">
      <Filter>Header Files</Filter>
    </ClInclude>
    <ClInclude Include="Character\Vampire.h">
      <Filter>Header Files</Filter>
    </ClInclude>
    <ClInclude Include="Character\NPC.h">
      <Filter>Header Files</Filter>
    </ClInclude>
    <ClInclude Include="Utilities.h">
      <Filter>Header Files</Filter>
    </ClInclude>
    <ClInclude Include="Character\Character.h">
      <Filter>Header Files</Filter>
    </ClInclude>
    <ClInclude Include="Character\Vampire.h">
      <Filter>Header Files</Filter>
    </ClInclude>
    <ClInclude Include="Character\Vampire.h">
    <ClInclude Include="Character\NPC.h">
      <Filter>Header Files</Filter>
    </ClInclude>
    <ClInclude Include="Utilities.h">
      <Filter>Header Files</Filter>
    </ClInclude>
    <ClInclude Include="Character\Character.h">
      <Filter>Header Files</Filter>
    </ClInclude>
    <ClInclude Include="Character\Vampire.h">
      <Filter>Header Files</Filter>
    </ClInclude>
    <ClInclude Include="Character\NPC.h">
      <Filter>Header Files</Filter>
    </ClInclude>
    <ClInclude Include="Utilities.h">
      <Filter>Header Files</Filter>
    </ClInclude>
  </ItemGroup>
  <ItemGroup>
    <ClCompile Include="stdafx.cpp">
      <Filter>Source Files</Filter>
    </ClCompile>
    <ClCompile Include="NosferatuHotelManager.cpp">
      <Filter>Source Files</Filter>
    </ClCompile>
    <ClCompile Include="GraphicsManager.cpp">
      <Filter>Source Files</Filter>
    </ClCompile>
    <ClCompile Include="DebugLogManager.cpp">
      <Filter>Source Files</Filter>
    </ClCompile>
    <ClCompile Include="tinyxml2.cpp">
      <Filter>Source Files</Filter>
    </ClCompile>
    <ClCompile Include="AnimationClass.cpp">
      <Filter>Source Files</Filter>
    </ClCompile>
    <ClCompile Include="AnimationFrame.cpp">
      <Filter>Source Files</Filter>
    </ClCompile>
    <ClCompile Include="AudioManager.cpp">
      <Filter>Source Files</Filter>
    </ClCompile>
    <ClCompile Include="Character\Character.cpp">
      <Filter>Source Files</Filter>
    </ClCompile>
    <ClCompile Include="Character\NPC.cpp">
      <Filter>Source Files</Filter>
    </ClCompile>
    <ClCompile Include="Character\Vampire.cpp">
      <Filter>Source Files</Filter>
    </ClCompile>
    <ClCompile Include="Utilities.cpp">
      <Filter>Source Files</Filter>
    </ClCompile>
    <ClCompile Include="Character\Character.cpp">
      <Filter>Source Files</Filter>
    </ClCompile>
    <ClCompile Include="Character\NPC.cpp">
      <Filter>Source Files</Filter>
    </ClCompile>
    <ClCompile Include="Character\Vampire.cpp">
      <Filter>Source Files</Filter>
    </ClCompile>
    <ClCompile Include="Utilities.cpp">
      <Filter>Source Files</Filter>
    </ClCompile>
    <ClCompile Include="Character\Character.cpp">
      <Filter>Source Files</Filter>
    </ClCompile>
    <ClCompile Include="Character\NPC.cpp">
      <Filter>Source Files</Filter>
    </ClCompile>
    <ClCompile Include="Character\Vampire.cpp">
    <ClCompile Include="Character\NPC.cpp">
      <Filter>Source Files</Filter>
    </ClCompile>
    <ClCompile Include="Utilities.cpp">
    <ClCompile Include="Character\Vampire.cpp">
      <Filter>Source Files</Filter>
    </ClCompile>
    <ClCompile Include="Utilities.cpp">
      <Filter>Source Files</Filter>
    </ClCompile>
    <ClCompile Include="Character\Character.cpp">
      <Filter>Source Files</Filter>
    </ClCompile>
    <ClCompile Include="Character\NPC.cpp">
      <Filter>Source Files</Filter>
    </ClCompile>
    <ClCompile Include="Character\Vampire.cpp">
      <Filter>Source Files</Filter>
    </ClCompile>
    <ClCompile Include="Utilities.cpp">
      <Filter>Source Files</Filter>
    </ClCompile>
  </ItemGroup>
</Project>